// !$*UTF8*$!
{
	archiveVersion = 1;
	classes = {
	};
	objectVersion = 46;
	objects = {

/* Begin PBXBuildFile section */
		1A4752791BC8604B005A28E9 /* main.m in Sources */ = {isa = PBXBuildFile; fileRef = 1A4752781BC8604B005A28E9 /* main.m */; };
		1A47527C1BC8604B005A28E9 /* AppDelegate.m in Sources */ = {isa = PBXBuildFile; fileRef = 1A47527B1BC8604B005A28E9 /* AppDelegate.m */; };
		1A47527F1BC8604B005A28E9 /* ViewController.m in Sources */ = {isa = PBXBuildFile; fileRef = 1A47527E1BC8604B005A28E9 /* ViewController.m */; };
		1A4752821BC8604B005A28E9 /* Main.storyboard in Resources */ = {isa = PBXBuildFile; fileRef = 1A4752801BC8604B005A28E9 /* Main.storyboard */; };
		1A4752841BC8604B005A28E9 /* Assets.xcassets in Resources */ = {isa = PBXBuildFile; fileRef = 1A4752831BC8604B005A28E9 /* Assets.xcassets */; };
		1A4752871BC8604B005A28E9 /* LaunchScreen.storyboard in Resources */ = {isa = PBXBuildFile; fileRef = 1A4752851BC8604B005A28E9 /* LaunchScreen.storyboard */; };
		5E3B09AD99285AB025809E10 /* libPods.a in Frameworks */ = {isa = PBXBuildFile; fileRef = F80CC316180C8F13E0FE572B /* libPods.a */; };
		61FCE34CA8B0F7D3E89A7CCB /* MessageViewCell.m in Sources */ = {isa = PBXBuildFile; fileRef = 61FCE24F4283CF09D9D1C60B /* MessageViewCell.m */; };
		61FCE7A10A685E6B72E526E5 /* EmptyMessageViewCell.m in Sources */ = {isa = PBXBuildFile; fileRef = 61FCEE68E399A943AAE2A84D /* EmptyMessageViewCell.m */; };
		61FCEC7941F345FEB8F3C8D8 /* MessageThreadView.m in Sources */ = {isa = PBXBuildFile; fileRef = 61FCE146DDBDF3992D096B23 /* MessageThreadView.m */; };
		61FCECAD858D73B41703C66C /* Message.m in Sources */ = {isa = PBXBuildFile; fileRef = 61FCE5186D0DB2291906CD5D /* Message.m */; };
		61FCEDC227316C69DCD2F0DB /* ImojiSuggestionLoadingViewCell.m in Sources */ = {isa = PBXBuildFile; fileRef = 61FCE7A56BA3FAE7FFE37E49 /* ImojiSuggestionLoadingViewCell.m */; };
		61FCEEA90A42F74E7C6F6C48 /* ImojiSuggestionViewCell.m in Sources */ = {isa = PBXBuildFile; fileRef = 61FCE783DB7E7EAF3EA064C3 /* ImojiSuggestionViewCell.m */; };
		61FCEEC9CD5F017965AEF12B /* ImojiSuggestionSplashViewCell.m in Sources */ = {isa = PBXBuildFile; fileRef = 61FCEC41C64E6653DA3E6122 /* ImojiSuggestionSplashViewCell.m */; };
		61FCEEFFC6EE43190B04138C /* ImojiSuggestionView.m in Sources */ = {isa = PBXBuildFile; fileRef = 61FCEE654D090F19016983C5 /* ImojiSuggestionView.m */; };
		61FCEFA3B8A9FB91AE330D9B /* ImojiSuggestionCollectionView.m in Sources */ = {isa = PBXBuildFile; fileRef = 61FCE51F9C7FED9324D68733 /* ImojiSuggestionCollectionView.m */; };
/* End PBXBuildFile section */

/* Begin PBXFileReference section */
		1A4752741BC8604B005A28E9 /* messaging.app */ = {isa = PBXFileReference; explicitFileType = wrapper.application; includeInIndex = 0; path = messaging.app; sourceTree = BUILT_PRODUCTS_DIR; };
		1A4752781BC8604B005A28E9 /* main.m */ = {isa = PBXFileReference; lastKnownFileType = sourcecode.c.objc; path = main.m; sourceTree = "<group>"; };
		1A47527A1BC8604B005A28E9 /* AppDelegate.h */ = {isa = PBXFileReference; lastKnownFileType = sourcecode.c.h; path = AppDelegate.h; sourceTree = "<group>"; };
		1A47527B1BC8604B005A28E9 /* AppDelegate.m */ = {isa = PBXFileReference; lastKnownFileType = sourcecode.c.objc; path = AppDelegate.m; sourceTree = "<group>"; };
		1A47527D1BC8604B005A28E9 /* ViewController.h */ = {isa = PBXFileReference; lastKnownFileType = sourcecode.c.h; path = ViewController.h; sourceTree = "<group>"; };
		1A47527E1BC8604B005A28E9 /* ViewController.m */ = {isa = PBXFileReference; lastKnownFileType = sourcecode.c.objc; path = ViewController.m; sourceTree = "<group>"; };
		1A4752811BC8604B005A28E9 /* Base */ = {isa = PBXFileReference; lastKnownFileType = file.storyboard; name = Base; path = Base.lproj/Main.storyboard; sourceTree = "<group>"; };
		1A4752831BC8604B005A28E9 /* Assets.xcassets */ = {isa = PBXFileReference; lastKnownFileType = folder.assetcatalog; path = Assets.xcassets; sourceTree = "<group>"; };
		1A4752861BC8604B005A28E9 /* Base */ = {isa = PBXFileReference; lastKnownFileType = file.storyboard; name = Base; path = Base.lproj/LaunchScreen.storyboard; sourceTree = "<group>"; };
		1A4752881BC8604B005A28E9 /* Info.plist */ = {isa = PBXFileReference; lastKnownFileType = text.plist.xml; path = Info.plist; sourceTree = "<group>"; };
		1A96EEFA1BC864C700193168 /* messaging.pch */ = {isa = PBXFileReference; lastKnownFileType = sourcecode.c.h; path = messaging.pch; sourceTree = SOURCE_ROOT; };
		61FCE046445F68632281F140 /* ImojiSuggestionSplashViewCell.h */ = {isa = PBXFileReference; fileEncoding = 4; lastKnownFileType = sourcecode.c.h; path = ImojiSuggestionSplashViewCell.h; sourceTree = "<group>"; };
		61FCE146DDBDF3992D096B23 /* MessageThreadView.m */ = {isa = PBXFileReference; fileEncoding = 4; lastKnownFileType = sourcecode.c.objc; path = MessageThreadView.m; sourceTree = "<group>"; };
		61FCE24F4283CF09D9D1C60B /* MessageViewCell.m */ = {isa = PBXFileReference; fileEncoding = 4; lastKnownFileType = sourcecode.c.objc; path = MessageViewCell.m; sourceTree = "<group>"; };
		61FCE27BC4C7D94EF9EE0A3B /* MessageViewCell.h */ = {isa = PBXFileReference; fileEncoding = 4; lastKnownFileType = sourcecode.c.h; path = MessageViewCell.h; sourceTree = "<group>"; };
		61FCE3FD6CA6531BC036577E /* ImojiSuggestionView.h */ = {isa = PBXFileReference; fileEncoding = 4; lastKnownFileType = sourcecode.c.h; path = ImojiSuggestionView.h; sourceTree = "<group>"; };
		61FCE5186D0DB2291906CD5D /* Message.m */ = {isa = PBXFileReference; fileEncoding = 4; lastKnownFileType = sourcecode.c.objc; path = Message.m; sourceTree = "<group>"; };
		61FCE51F9C7FED9324D68733 /* ImojiSuggestionCollectionView.m */ = {isa = PBXFileReference; fileEncoding = 4; lastKnownFileType = sourcecode.c.objc; path = ImojiSuggestionCollectionView.m; sourceTree = "<group>"; };
		61FCE670599CB26E620AD420 /* MessageThreadView.h */ = {isa = PBXFileReference; fileEncoding = 4; lastKnownFileType = sourcecode.c.h; path = MessageThreadView.h; sourceTree = "<group>"; };
		61FCE775CC68397E421E67FC /* EmptyMessageViewCell.h */ = {isa = PBXFileReference; fileEncoding = 4; lastKnownFileType = sourcecode.c.h; path = EmptyMessageViewCell.h; sourceTree = "<group>"; };
		61FCE783DB7E7EAF3EA064C3 /* ImojiSuggestionViewCell.m */ = {isa = PBXFileReference; fileEncoding = 4; lastKnownFileType = sourcecode.c.objc; path = ImojiSuggestionViewCell.m; sourceTree = "<group>"; };
		61FCE7A56BA3FAE7FFE37E49 /* ImojiSuggestionLoadingViewCell.m */ = {isa = PBXFileReference; fileEncoding = 4; lastKnownFileType = sourcecode.c.objc; path = ImojiSuggestionLoadingViewCell.m; sourceTree = "<group>"; };
		61FCE9EAE3C21BA55BE2C986 /* ImojiSuggestionViewCell.h */ = {isa = PBXFileReference; fileEncoding = 4; lastKnownFileType = sourcecode.c.h; path = ImojiSuggestionViewCell.h; sourceTree = "<group>"; };
		61FCEAC15BFDEC117FC30D5B /* Message.h */ = {isa = PBXFileReference; fileEncoding = 4; lastKnownFileType = sourcecode.c.h; path = Message.h; sourceTree = "<group>"; };
		61FCEC41C64E6653DA3E6122 /* ImojiSuggestionSplashViewCell.m */ = {isa = PBXFileReference; fileEncoding = 4; lastKnownFileType = sourcecode.c.objc; path = ImojiSuggestionSplashViewCell.m; sourceTree = "<group>"; };
		61FCED367836432A553D8E7D /* ImojiSuggestionLoadingViewCell.h */ = {isa = PBXFileReference; fileEncoding = 4; lastKnownFileType = sourcecode.c.h; path = ImojiSuggestionLoadingViewCell.h; sourceTree = "<group>"; };
		61FCEE654D090F19016983C5 /* ImojiSuggestionView.m */ = {isa = PBXFileReference; fileEncoding = 4; lastKnownFileType = sourcecode.c.objc; path = ImojiSuggestionView.m; sourceTree = "<group>"; };
		61FCEE68E399A943AAE2A84D /* EmptyMessageViewCell.m */ = {isa = PBXFileReference; fileEncoding = 4; lastKnownFileType = sourcecode.c.objc; path = EmptyMessageViewCell.m; sourceTree = "<group>"; };
		61FCEF655FF6BDA13F7AEFE8 /* ImojiSuggestionCollectionView.h */ = {isa = PBXFileReference; fileEncoding = 4; lastKnownFileType = sourcecode.c.h; path = ImojiSuggestionCollectionView.h; sourceTree = "<group>"; };
		64ABB880D1FBEBC2A8DE6286 /* Pods.release.xcconfig */ = {isa = PBXFileReference; includeInIndex = 1; lastKnownFileType = text.xcconfig; name = Pods.release.xcconfig; path = "Pods/Target Support Files/Pods/Pods.release.xcconfig"; sourceTree = "<group>"; };
		6BF112AD289425F24049E399 /* Pods.debug.xcconfig */ = {isa = PBXFileReference; includeInIndex = 1; lastKnownFileType = text.xcconfig; name = Pods.debug.xcconfig; path = "Pods/Target Support Files/Pods/Pods.debug.xcconfig"; sourceTree = "<group>"; };
		F80CC316180C8F13E0FE572B /* libPods.a */ = {isa = PBXFileReference; explicitFileType = archive.ar; includeInIndex = 0; path = libPods.a; sourceTree = BUILT_PRODUCTS_DIR; };
/* End PBXFileReference section */

/* Begin PBXFrameworksBuildPhase section */
		1A4752711BC8604B005A28E9 /* Frameworks */ = {
			isa = PBXFrameworksBuildPhase;
			buildActionMask = 2147483647;
			files = (
				5E3B09AD99285AB025809E10 /* libPods.a in Frameworks */,
			);
			runOnlyForDeploymentPostprocessing = 0;
		};
/* End PBXFrameworksBuildPhase section */

/* Begin PBXGroup section */
		1A47526B1BC8604B005A28E9 = {
			isa = PBXGroup;
			children = (
				1A4752761BC8604B005A28E9 /* messaging */,
				1A4752751BC8604B005A28E9 /* Products */,
				65EE72418C628A20D669046B /* Pods */,
				E4D9EA4B64ACB3159E61E081 /* Frameworks */,
			);
			sourceTree = "<group>";
		};
		1A4752751BC8604B005A28E9 /* Products */ = {
			isa = PBXGroup;
			children = (
				1A4752741BC8604B005A28E9 /* messaging.app */,
			);
			name = Products;
			sourceTree = "<group>";
		};
		1A4752761BC8604B005A28E9 /* messaging */ = {
			isa = PBXGroup;
			children = (
				1A47527A1BC8604B005A28E9 /* AppDelegate.h */,
				1A47527B1BC8604B005A28E9 /* AppDelegate.m */,
				1A47527D1BC8604B005A28E9 /* ViewController.h */,
				1A47527E1BC8604B005A28E9 /* ViewController.m */,
				1A4752801BC8604B005A28E9 /* Main.storyboard */,
				1A4752831BC8604B005A28E9 /* Assets.xcassets */,
				1A4752851BC8604B005A28E9 /* LaunchScreen.storyboard */,
				1A4752881BC8604B005A28E9 /* Info.plist */,
				1A4752771BC8604B005A28E9 /* Supporting Files */,
				61FCE4E36F8548616AE7C7FA /* MessageThread */,
				61FCEED1D062AD3EDA2239F9 /* Model */,
				61FCEAEE8E85E78EA3608FF8 /* Suggestions */,
			);
			path = messaging;
			sourceTree = "<group>";
		};
		1A4752771BC8604B005A28E9 /* Supporting Files */ = {
			isa = PBXGroup;
			children = (
				1A96EEFA1BC864C700193168 /* messaging.pch */,
				1A4752781BC8604B005A28E9 /* main.m */,
			);
			name = "Supporting Files";
			sourceTree = "<group>";
		};
		61FCE4E36F8548616AE7C7FA /* MessageThread */ = {
			isa = PBXGroup;
			children = (
				61FCE146DDBDF3992D096B23 /* MessageThreadView.m */,
				61FCE24F4283CF09D9D1C60B /* MessageViewCell.m */,
				61FCE27BC4C7D94EF9EE0A3B /* MessageViewCell.h */,
				61FCE670599CB26E620AD420 /* MessageThreadView.h */,
				61FCEE68E399A943AAE2A84D /* EmptyMessageViewCell.m */,
				61FCE775CC68397E421E67FC /* EmptyMessageViewCell.h */,
			);
			path = MessageThread;
			sourceTree = "<group>";
		};
		61FCEAEE8E85E78EA3608FF8 /* Suggestions */ = {
			isa = PBXGroup;
			children = (
				61FCEE654D090F19016983C5 /* ImojiSuggestionView.m */,
				61FCE3FD6CA6531BC036577E /* ImojiSuggestionView.h */,
				61FCE51F9C7FED9324D68733 /* ImojiSuggestionCollectionView.m */,
				61FCEF655FF6BDA13F7AEFE8 /* ImojiSuggestionCollectionView.h */,
				61FCE7A56BA3FAE7FFE37E49 /* ImojiSuggestionLoadingViewCell.m */,
				61FCED367836432A553D8E7D /* ImojiSuggestionLoadingViewCell.h */,
				61FCEC41C64E6653DA3E6122 /* ImojiSuggestionSplashViewCell.m */,
				61FCE046445F68632281F140 /* ImojiSuggestionSplashViewCell.h */,
				61FCE783DB7E7EAF3EA064C3 /* ImojiSuggestionViewCell.m */,
				61FCE9EAE3C21BA55BE2C986 /* ImojiSuggestionViewCell.h */,
			);
			path = Suggestions;
			sourceTree = "<group>";
		};
		61FCEED1D062AD3EDA2239F9 /* Model */ = {
			isa = PBXGroup;
			children = (
				61FCEAC15BFDEC117FC30D5B /* Message.h */,
				61FCE5186D0DB2291906CD5D /* Message.m */,
			);
			path = Model;
			sourceTree = "<group>";
		};
		65EE72418C628A20D669046B /* Pods */ = {
			isa = PBXGroup;
			children = (
				6BF112AD289425F24049E399 /* Pods.debug.xcconfig */,
				64ABB880D1FBEBC2A8DE6286 /* Pods.release.xcconfig */,
			);
			name = Pods;
			sourceTree = "<group>";
		};
		E4D9EA4B64ACB3159E61E081 /* Frameworks */ = {
			isa = PBXGroup;
			children = (
				F80CC316180C8F13E0FE572B /* libPods.a */,
			);
			name = Frameworks;
			sourceTree = "<group>";
		};
/* End PBXGroup section */

/* Begin PBXNativeTarget section */
		1A4752731BC8604B005A28E9 /* messaging */ = {
			isa = PBXNativeTarget;
			buildConfigurationList = 1A47528B1BC8604B005A28E9 /* Build configuration list for PBXNativeTarget "messaging" */;
			buildPhases = (
				F232B58E0F1C18060D1598B1 /* Check Pods Manifest.lock */,
				1A4752701BC8604B005A28E9 /* Sources */,
				1A4752711BC8604B005A28E9 /* Frameworks */,
				1A4752721BC8604B005A28E9 /* Resources */,
				4838303488A0DD7554B6D14D /* Embed Pods Frameworks */,
				3A099C81BDC645F7D0F52ACA /* Copy Pods Resources */,
			);
			buildRules = (
			);
			dependencies = (
			);
			name = messaging;
			productName = messaging;
			productReference = 1A4752741BC8604B005A28E9 /* messaging.app */;
			productType = "com.apple.product-type.application";
		};
/* End PBXNativeTarget section */

/* Begin PBXProject section */
		1A47526C1BC8604B005A28E9 /* Project object */ = {
			isa = PBXProject;
			attributes = {
				LastUpgradeCheck = 0700;
				ORGANIZATIONNAME = Imoji;
				TargetAttributes = {
					1A4752731BC8604B005A28E9 = {
						CreatedOnToolsVersion = 7.0.1;
					};
				};
			};
			buildConfigurationList = 1A47526F1BC8604B005A28E9 /* Build configuration list for PBXProject "messaging" */;
			compatibilityVersion = "Xcode 3.2";
			developmentRegion = English;
			hasScannedForEncodings = 0;
			knownRegions = (
				en,
				Base,
			);
			mainGroup = 1A47526B1BC8604B005A28E9;
			productRefGroup = 1A4752751BC8604B005A28E9 /* Products */;
			projectDirPath = "";
			projectRoot = "";
			targets = (
				1A4752731BC8604B005A28E9 /* messaging */,
			);
		};
/* End PBXProject section */

/* Begin PBXResourcesBuildPhase section */
		1A4752721BC8604B005A28E9 /* Resources */ = {
			isa = PBXResourcesBuildPhase;
			buildActionMask = 2147483647;
			files = (
				1A4752871BC8604B005A28E9 /* LaunchScreen.storyboard in Resources */,
				1A4752841BC8604B005A28E9 /* Assets.xcassets in Resources */,
				1A4752821BC8604B005A28E9 /* Main.storyboard in Resources */,
			);
			runOnlyForDeploymentPostprocessing = 0;
		};
/* End PBXResourcesBuildPhase section */

/* Begin PBXShellScriptBuildPhase section */
		3A099C81BDC645F7D0F52ACA /* Copy Pods Resources */ = {
			isa = PBXShellScriptBuildPhase;
			buildActionMask = 2147483647;
			files = (
			);
			inputPaths = (
			);
			name = "Copy Pods Resources";
			outputPaths = (
			);
			runOnlyForDeploymentPostprocessing = 0;
			shellPath = /bin/sh;
			shellScript = "\"${SRCROOT}/Pods/Target Support Files/Pods/Pods-resources.sh\"\n";
			showEnvVarsInLog = 0;
		};
		4838303488A0DD7554B6D14D /* Embed Pods Frameworks */ = {
			isa = PBXShellScriptBuildPhase;
			buildActionMask = 2147483647;
			files = (
			);
			inputPaths = (
			);
			name = "Embed Pods Frameworks";
			outputPaths = (
			);
			runOnlyForDeploymentPostprocessing = 0;
			shellPath = /bin/sh;
			shellScript = "\"${SRCROOT}/Pods/Target Support Files/Pods/Pods-frameworks.sh\"\n";
			showEnvVarsInLog = 0;
		};
		F232B58E0F1C18060D1598B1 /* Check Pods Manifest.lock */ = {
			isa = PBXShellScriptBuildPhase;
			buildActionMask = 2147483647;
			files = (
			);
			inputPaths = (
			);
			name = "Check Pods Manifest.lock";
			outputPaths = (
			);
			runOnlyForDeploymentPostprocessing = 0;
			shellPath = /bin/sh;
			shellScript = "diff \"${PODS_ROOT}/../Podfile.lock\" \"${PODS_ROOT}/Manifest.lock\" > /dev/null\nif [[ $? != 0 ]] ; then\n    cat << EOM\nerror: The sandbox is not in sync with the Podfile.lock. Run 'pod install' or update your CocoaPods installation.\nEOM\n    exit 1\nfi\n";
			showEnvVarsInLog = 0;
		};
/* End PBXShellScriptBuildPhase section */

/* Begin PBXSourcesBuildPhase section */
		1A4752701BC8604B005A28E9 /* Sources */ = {
			isa = PBXSourcesBuildPhase;
			buildActionMask = 2147483647;
			files = (
				1A47527F1BC8604B005A28E9 /* ViewController.m in Sources */,
				1A47527C1BC8604B005A28E9 /* AppDelegate.m in Sources */,
				1A4752791BC8604B005A28E9 /* main.m in Sources */,
				61FCEC7941F345FEB8F3C8D8 /* MessageThreadView.m in Sources */,
				61FCE34CA8B0F7D3E89A7CCB /* MessageViewCell.m in Sources */,
				61FCECAD858D73B41703C66C /* Message.m in Sources */,
				61FCEEFFC6EE43190B04138C /* ImojiSuggestionView.m in Sources */,
				61FCEFA3B8A9FB91AE330D9B /* ImojiSuggestionCollectionView.m in Sources */,
				61FCEDC227316C69DCD2F0DB /* ImojiSuggestionLoadingViewCell.m in Sources */,
				61FCEEC9CD5F017965AEF12B /* ImojiSuggestionSplashViewCell.m in Sources */,
				61FCEEA90A42F74E7C6F6C48 /* ImojiSuggestionViewCell.m in Sources */,
				61FCE7A10A685E6B72E526E5 /* EmptyMessageViewCell.m in Sources */,
			);
			runOnlyForDeploymentPostprocessing = 0;
		};
/* End PBXSourcesBuildPhase section */

/* Begin PBXVariantGroup section */
		1A4752801BC8604B005A28E9 /* Main.storyboard */ = {
			isa = PBXVariantGroup;
			children = (
				1A4752811BC8604B005A28E9 /* Base */,
			);
			name = Main.storyboard;
			sourceTree = "<group>";
		};
		1A4752851BC8604B005A28E9 /* LaunchScreen.storyboard */ = {
			isa = PBXVariantGroup;
			children = (
				1A4752861BC8604B005A28E9 /* Base */,
			);
			name = LaunchScreen.storyboard;
			sourceTree = "<group>";
		};
/* End PBXVariantGroup section */

/* Begin XCBuildConfiguration section */
		1A4752891BC8604B005A28E9 /* Debug */ = {
			isa = XCBuildConfiguration;
			buildSettings = {
				ALWAYS_SEARCH_USER_PATHS = NO;
				CLANG_CXX_LANGUAGE_STANDARD = "gnu++0x";
				CLANG_CXX_LIBRARY = "libc++";
				CLANG_ENABLE_MODULES = YES;
				CLANG_ENABLE_OBJC_ARC = YES;
				CLANG_WARN_BOOL_CONVERSION = YES;
				CLANG_WARN_CONSTANT_CONVERSION = YES;
				CLANG_WARN_DIRECT_OBJC_ISA_USAGE = YES_ERROR;
				CLANG_WARN_EMPTY_BODY = YES;
				CLANG_WARN_ENUM_CONVERSION = YES;
				CLANG_WARN_INT_CONVERSION = YES;
				CLANG_WARN_OBJC_ROOT_CLASS = YES_ERROR;
				CLANG_WARN_UNREACHABLE_CODE = YES;
				CLANG_WARN__DUPLICATE_METHOD_MATCH = YES;
				"CODE_SIGN_IDENTITY[sdk=iphoneos*]" = "iPhone Developer";
				COPY_PHASE_STRIP = NO;
				DEBUG_INFORMATION_FORMAT = dwarf;
				ENABLE_STRICT_OBJC_MSGSEND = YES;
				ENABLE_TESTABILITY = YES;
				GCC_C_LANGUAGE_STANDARD = gnu99;
				GCC_DYNAMIC_NO_PIC = NO;
				GCC_NO_COMMON_BLOCKS = YES;
				GCC_OPTIMIZATION_LEVEL = 0;
				GCC_PREPROCESSOR_DEFINITIONS = (
					"DEBUG=1",
					"$(inherited)",
				);
				GCC_WARN_64_TO_32_BIT_CONVERSION = YES;
				GCC_WARN_ABOUT_RETURN_TYPE = YES_ERROR;
				GCC_WARN_UNDECLARED_SELECTOR = YES;
				GCC_WARN_UNINITIALIZED_AUTOS = YES_AGGRESSIVE;
				GCC_WARN_UNUSED_FUNCTION = YES;
				GCC_WARN_UNUSED_VARIABLE = YES;
				IPHONEOS_DEPLOYMENT_TARGET = 9.0;
				MTL_ENABLE_DEBUG_INFO = YES;
				ONLY_ACTIVE_ARCH = YES;
				SDKROOT = iphoneos;
				TARGETED_DEVICE_FAMILY = "1,2";
			};
			name = Debug;
		};
		1A47528A1BC8604B005A28E9 /* Release */ = {
			isa = XCBuildConfiguration;
			buildSettings = {
				ALWAYS_SEARCH_USER_PATHS = NO;
				CLANG_CXX_LANGUAGE_STANDARD = "gnu++0x";
				CLANG_CXX_LIBRARY = "libc++";
				CLANG_ENABLE_MODULES = YES;
				CLANG_ENABLE_OBJC_ARC = YES;
				CLANG_WARN_BOOL_CONVERSION = YES;
				CLANG_WARN_CONSTANT_CONVERSION = YES;
				CLANG_WARN_DIRECT_OBJC_ISA_USAGE = YES_ERROR;
				CLANG_WARN_EMPTY_BODY = YES;
				CLANG_WARN_ENUM_CONVERSION = YES;
				CLANG_WARN_INT_CONVERSION = YES;
				CLANG_WARN_OBJC_ROOT_CLASS = YES_ERROR;
				CLANG_WARN_UNREACHABLE_CODE = YES;
				CLANG_WARN__DUPLICATE_METHOD_MATCH = YES;
				"CODE_SIGN_IDENTITY[sdk=iphoneos*]" = "iPhone Developer";
				COPY_PHASE_STRIP = NO;
				DEBUG_INFORMATION_FORMAT = "dwarf-with-dsym";
				ENABLE_NS_ASSERTIONS = NO;
				ENABLE_STRICT_OBJC_MSGSEND = YES;
				GCC_C_LANGUAGE_STANDARD = gnu99;
				GCC_NO_COMMON_BLOCKS = YES;
				GCC_WARN_64_TO_32_BIT_CONVERSION = YES;
				GCC_WARN_ABOUT_RETURN_TYPE = YES_ERROR;
				GCC_WARN_UNDECLARED_SELECTOR = YES;
				GCC_WARN_UNINITIALIZED_AUTOS = YES_AGGRESSIVE;
				GCC_WARN_UNUSED_FUNCTION = YES;
				GCC_WARN_UNUSED_VARIABLE = YES;
				IPHONEOS_DEPLOYMENT_TARGET = 9.0;
				MTL_ENABLE_DEBUG_INFO = NO;
				SDKROOT = iphoneos;
				TARGETED_DEVICE_FAMILY = "1,2";
				VALIDATE_PRODUCT = YES;
			};
			name = Release;
		};
		1A47528C1BC8604B005A28E9 /* Debug */ = {
			isa = XCBuildConfiguration;
			baseConfigurationReference = 6BF112AD289425F24049E399 /* Pods.debug.xcconfig */;
			buildSettings = {
				ASSETCATALOG_COMPILER_APPICON_NAME = AppIcon;
				GCC_PREFIX_HEADER = messaging.pch;
				INFOPLIST_FILE = messaging/Info.plist;
				IPHONEOS_DEPLOYMENT_TARGET = 7.0;
				LD_RUNPATH_SEARCH_PATHS = "$(inherited) @executable_path/Frameworks";
				PRODUCT_BUNDLE_IDENTIFIER = com.sopressata.messaging;
				PRODUCT_NAME = "$(TARGET_NAME)";
			};
			name = Debug;
		};
		1A47528D1BC8604B005A28E9 /* Release */ = {
			isa = XCBuildConfiguration;
			baseConfigurationReference = 64ABB880D1FBEBC2A8DE6286 /* Pods.release.xcconfig */;
			buildSettings = {
				ASSETCATALOG_COMPILER_APPICON_NAME = AppIcon;
				GCC_PREFIX_HEADER = messaging.pch;
				INFOPLIST_FILE = messaging/Info.plist;
				IPHONEOS_DEPLOYMENT_TARGET = 7.0;
				LD_RUNPATH_SEARCH_PATHS = "$(inherited) @executable_path/Frameworks";
				PRODUCT_BUNDLE_IDENTIFIER = com.sopressata.messaging;
				PRODUCT_NAME = "$(TARGET_NAME)";
			};
			name = Release;
		};
/* End XCBuildConfiguration section */

/* Begin XCConfigurationList section */
		1A47526F1BC8604B005A28E9 /* Build configuration list for PBXProject "messaging" */ = {
			isa = XCConfigurationList;
			buildConfigurations = (
				1A4752891BC8604B005A28E9 /* Debug */,
				1A47528A1BC8604B005A28E9 /* Release */,
			);
			defaultConfigurationIsVisible = 0;
			defaultConfigurationName = Release;
		};
		1A47528B1BC8604B005A28E9 /* Build configuration list for PBXNativeTarget "messaging" */ = {
			isa = XCConfigurationList;
			buildConfigurations = (
				1A47528C1BC8604B005A28E9 /* Debug */,
				1A47528D1BC8604B005A28E9 /* Release */,
			);
			defaultConfigurationIsVisible = 0;
			defaultConfigurationName = Release;
		};
/* End XCConfigurationList section */
	};
	rootObject = 1A47526C1BC8604B005A28E9 /* Project object */;
}
