// !$*UTF8*$!
{
	archiveVersion = 1;
	classes = {
	};
	objectVersion = 46;
	objects = {

/* Begin PBXBuildFile section */
		2DBA102E68C70FE6B7869573 /* IMCameraViewController.swift in Sources */ = {isa = PBXBuildFile; fileRef = 2DBA1E914968982248EC96C8 /* IMCameraViewController.swift */; };
		2DBA147E7800A7B633E690CB /* IMCreateArtmojiSelectedImojiView.swift in Sources */ = {isa = PBXBuildFile; fileRef = 2DBA1483D66BCD5BEE847242 /* IMCreateArtmojiSelectedImojiView.swift */; };
		2DBA174C3B2BDFF6D669D50A /* IMColorSlider.swift in Sources */ = {isa = PBXBuildFile; fileRef = 2DBA1E3AA9F6388576E01269 /* IMColorSlider.swift */; };
		2DBA1B9574F67B608A727854 /* IMCreateArtmojiView.swift in Sources */ = {isa = PBXBuildFile; fileRef = 2DBA10D785FCCF1459E8B8C9 /* IMCreateArtmojiView.swift */; };
		A690BE85C07C2400D202B07B /* Pods_artmoji.framework in Frameworks */ = {isa = PBXBuildFile; fileRef = 5691C1C0FB59F3D28DC32CF9 /* Pods_artmoji.framework */; };
		F9676FB3333F954CE0A8F4EC /* Pods_artmoji_photos.framework in Frameworks */ = {isa = PBXBuildFile; fileRef = CFEC4DC9ADDD28D8F5A04C2A /* Pods_artmoji_photos.framework */; };
		FA1B01601BCCA8D1002B0B2E /* PhotosUI.framework in Frameworks */ = {isa = PBXBuildFile; fileRef = FA1B015F1BCCA8D1002B0B2E /* PhotosUI.framework */; settings = {ASSET_TAGS = (); }; };
		FA1B01621BCCA8D1002B0B2E /* Photos.framework in Frameworks */ = {isa = PBXBuildFile; fileRef = FA1B01611BCCA8D1002B0B2E /* Photos.framework */; settings = {ASSET_TAGS = (); }; };
		FA1B01651BCCA8D1002B0B2E /* PhotoEditingViewController.swift in Sources */ = {isa = PBXBuildFile; fileRef = FA1B01641BCCA8D1002B0B2E /* PhotoEditingViewController.swift */; };
		FA1B01681BCCA8D1002B0B2E /* MainInterface.storyboard in Resources */ = {isa = PBXBuildFile; fileRef = FA1B01661BCCA8D1002B0B2E /* MainInterface.storyboard */; };
		FA1B016C1BCCA8D1002B0B2E /* artmoji-photos.appex in Embed App Extensions */ = {isa = PBXBuildFile; fileRef = FA1B015E1BCCA8D1002B0B2E /* artmoji-photos.appex */; settings = {ATTRIBUTES = (RemoveHeadersOnCopy, ); }; };
		FA1B01761BCCAE03002B0B2E /* IMCreateArtmojiViewController.swift in Sources */ = {isa = PBXBuildFile; fileRef = FA5167C81BBE129800DC9274 /* IMCreateArtmojiViewController.swift */; settings = {ASSET_TAGS = (); }; };
		FA1B01781BCCAE12002B0B2E /* IMCreateArtmojiView.swift in Sources */ = {isa = PBXBuildFile; fileRef = 2DBA10D785FCCF1459E8B8C9 /* IMCreateArtmojiView.swift */; settings = {ASSET_TAGS = (); }; };
		FA1B01791BCCAE15002B0B2E /* IMCreateArtmojiSelectedImojiView.swift in Sources */ = {isa = PBXBuildFile; fileRef = 2DBA1483D66BCD5BEE847242 /* IMCreateArtmojiSelectedImojiView.swift */; settings = {ASSET_TAGS = (); }; };
		FA1B017A1BCCAE18002B0B2E /* IMColorSlider.swift in Sources */ = {isa = PBXBuildFile; fileRef = 2DBA1E3AA9F6388576E01269 /* IMColorSlider.swift */; settings = {ASSET_TAGS = (); }; };
		FA1B017C1BCCAFE6002B0B2E /* IMArtmojiConstants.swift in Sources */ = {isa = PBXBuildFile; fileRef = FA1B017B1BCCAFE6002B0B2E /* IMArtmojiConstants.swift */; settings = {ASSET_TAGS = (); }; };
		FA1B017D1BCCAFE6002B0B2E /* IMArtmojiConstants.swift in Sources */ = {isa = PBXBuildFile; fileRef = FA1B017B1BCCAFE6002B0B2E /* IMArtmojiConstants.swift */; settings = {ASSET_TAGS = (); }; };
		FA1B017E1BCCB0D5002B0B2E /* Images.xcassets in Resources */ = {isa = PBXBuildFile; fileRef = FA9223101BB4B07A00366238 /* Images.xcassets */; settings = {ASSET_TAGS = (); }; };
		FA5167C91BBE129800DC9274 /* IMCreateArtmojiViewController.swift in Sources */ = {isa = PBXBuildFile; fileRef = FA5167C81BBE129800DC9274 /* IMCreateArtmojiViewController.swift */; settings = {ASSET_TAGS = (); }; };
		FA92230A1BB4B07A00366238 /* AppDelegate.swift in Sources */ = {isa = PBXBuildFile; fileRef = FA9223091BB4B07A00366238 /* AppDelegate.swift */; };
		FA92230C1BB4B07A00366238 /* ViewController.swift in Sources */ = {isa = PBXBuildFile; fileRef = FA92230B1BB4B07A00366238 /* ViewController.swift */; };
		FA92230F1BB4B07A00366238 /* Main.storyboard in Resources */ = {isa = PBXBuildFile; fileRef = FA92230D1BB4B07A00366238 /* Main.storyboard */; };
		FA9223111BB4B07A00366238 /* Images.xcassets in Resources */ = {isa = PBXBuildFile; fileRef = FA9223101BB4B07A00366238 /* Images.xcassets */; };
		FA92232A1BB4B1E700366238 /* Podfile in Resources */ = {isa = PBXBuildFile; fileRef = FA9223291BB4B1E700366238 /* Podfile */; };
		FACB2DC61BD731E300999340 /* Launch.storyboard in Resources */ = {isa = PBXBuildFile; fileRef = FACB2DC51BD731E300999340 /* Launch.storyboard */; settings = {ASSET_TAGS = (); }; };
/* End PBXBuildFile section */

/* Begin PBXContainerItemProxy section */
		FA1B016A1BCCA8D1002B0B2E /* PBXContainerItemProxy */ = {
			isa = PBXContainerItemProxy;
			containerPortal = FA9222FC1BB4B07A00366238 /* Project object */;
			proxyType = 1;
			remoteGlobalIDString = FA1B015D1BCCA8D1002B0B2E;
			remoteInfo = "artmoji-photos";
		};
/* End PBXContainerItemProxy section */

/* Begin PBXCopyFilesBuildPhase section */
		FA1B01701BCCA8D1002B0B2E /* Embed App Extensions */ = {
			isa = PBXCopyFilesBuildPhase;
			buildActionMask = 2147483647;
			dstPath = "";
			dstSubfolderSpec = 13;
			files = (
				FA1B016C1BCCA8D1002B0B2E /* artmoji-photos.appex in Embed App Extensions */,
			);
			name = "Embed App Extensions";
			runOnlyForDeploymentPostprocessing = 0;
		};
/* End PBXCopyFilesBuildPhase section */

/* Begin PBXFileReference section */
		2DBA10D785FCCF1459E8B8C9 /* IMCreateArtmojiView.swift */ = {isa = PBXFileReference; fileEncoding = 4; lastKnownFileType = sourcecode.swift; path = IMCreateArtmojiView.swift; sourceTree = "<group>"; };
		2DBA1483D66BCD5BEE847242 /* IMCreateArtmojiSelectedImojiView.swift */ = {isa = PBXFileReference; fileEncoding = 4; lastKnownFileType = sourcecode.swift; path = IMCreateArtmojiSelectedImojiView.swift; sourceTree = "<group>"; };
		2DBA1E3AA9F6388576E01269 /* IMColorSlider.swift */ = {isa = PBXFileReference; fileEncoding = 4; lastKnownFileType = sourcecode.swift; path = IMColorSlider.swift; sourceTree = "<group>"; };
		2DBA1E914968982248EC96C8 /* IMCameraViewController.swift */ = {isa = PBXFileReference; fileEncoding = 4; lastKnownFileType = sourcecode.swift; path = IMCameraViewController.swift; sourceTree = "<group>"; };
		5691C1C0FB59F3D28DC32CF9 /* Pods_artmoji.framework */ = {isa = PBXFileReference; explicitFileType = wrapper.framework; includeInIndex = 0; path = Pods_artmoji.framework; sourceTree = BUILT_PRODUCTS_DIR; };
		626719D8FCBD0762727A593E /* Pods-artmoji-photos.debug.xcconfig */ = {isa = PBXFileReference; includeInIndex = 1; lastKnownFileType = text.xcconfig; name = "Pods-artmoji-photos.debug.xcconfig"; path = "Pods/Target Support Files/Pods-artmoji-photos/Pods-artmoji-photos.debug.xcconfig"; sourceTree = "<group>"; };
		CFEC4DC9ADDD28D8F5A04C2A /* Pods_artmoji_photos.framework */ = {isa = PBXFileReference; explicitFileType = wrapper.framework; includeInIndex = 0; path = Pods_artmoji_photos.framework; sourceTree = BUILT_PRODUCTS_DIR; };
		D7347F054B320573ABF1DF9A /* Pods-artmoji.release.xcconfig */ = {isa = PBXFileReference; includeInIndex = 1; lastKnownFileType = text.xcconfig; name = "Pods-artmoji.release.xcconfig"; path = "Pods/Target Support Files/Pods-artmoji/Pods-artmoji.release.xcconfig"; sourceTree = "<group>"; };
		E641346CA2C4C60D1B7E929B /* Pods-artmoji-photos.release.xcconfig */ = {isa = PBXFileReference; includeInIndex = 1; lastKnownFileType = text.xcconfig; name = "Pods-artmoji-photos.release.xcconfig"; path = "Pods/Target Support Files/Pods-artmoji-photos/Pods-artmoji-photos.release.xcconfig"; sourceTree = "<group>"; };
		FA1B015E1BCCA8D1002B0B2E /* artmoji-photos.appex */ = {isa = PBXFileReference; explicitFileType = "wrapper.app-extension"; includeInIndex = 0; path = "artmoji-photos.appex"; sourceTree = BUILT_PRODUCTS_DIR; };
		FA1B015F1BCCA8D1002B0B2E /* PhotosUI.framework */ = {isa = PBXFileReference; lastKnownFileType = wrapper.framework; name = PhotosUI.framework; path = System/Library/Frameworks/PhotosUI.framework; sourceTree = SDKROOT; };
		FA1B01611BCCA8D1002B0B2E /* Photos.framework */ = {isa = PBXFileReference; lastKnownFileType = wrapper.framework; name = Photos.framework; path = System/Library/Frameworks/Photos.framework; sourceTree = SDKROOT; };
		FA1B01641BCCA8D1002B0B2E /* PhotoEditingViewController.swift */ = {isa = PBXFileReference; lastKnownFileType = sourcecode.swift; path = PhotoEditingViewController.swift; sourceTree = "<group>"; };
		FA1B01671BCCA8D1002B0B2E /* Base */ = {isa = PBXFileReference; lastKnownFileType = file.storyboard; name = Base; path = Base.lproj/MainInterface.storyboard; sourceTree = "<group>"; };
		FA1B01691BCCA8D1002B0B2E /* Info.plist */ = {isa = PBXFileReference; lastKnownFileType = text.plist.xml; path = Info.plist; sourceTree = "<group>"; };
		FA1B017B1BCCAFE6002B0B2E /* IMArtmojiConstants.swift */ = {isa = PBXFileReference; fileEncoding = 4; lastKnownFileType = sourcecode.swift; path = IMArtmojiConstants.swift; sourceTree = "<group>"; };
		FA5167C81BBE129800DC9274 /* IMCreateArtmojiViewController.swift */ = {isa = PBXFileReference; fileEncoding = 4; lastKnownFileType = sourcecode.swift; path = IMCreateArtmojiViewController.swift; sourceTree = "<group>"; };
		FA7A37B81BB4C1B600A8FC2F /* Artmoji-Bridging-Header.h */ = {isa = PBXFileReference; fileEncoding = 4; lastKnownFileType = sourcecode.c.h; path = "Artmoji-Bridging-Header.h"; sourceTree = "<group>"; };
		FA9223041BB4B07A00366238 /* artmoji.app */ = {isa = PBXFileReference; explicitFileType = wrapper.application; includeInIndex = 0; path = artmoji.app; sourceTree = BUILT_PRODUCTS_DIR; };
		FA9223081BB4B07A00366238 /* Info.plist */ = {isa = PBXFileReference; lastKnownFileType = text.plist.xml; path = Info.plist; sourceTree = "<group>"; };
		FA9223091BB4B07A00366238 /* AppDelegate.swift */ = {isa = PBXFileReference; lastKnownFileType = sourcecode.swift; path = AppDelegate.swift; sourceTree = "<group>"; };
		FA92230B1BB4B07A00366238 /* ViewController.swift */ = {isa = PBXFileReference; lastKnownFileType = sourcecode.swift; path = ViewController.swift; sourceTree = "<group>"; };
		FA92230E1BB4B07A00366238 /* Base */ = {isa = PBXFileReference; lastKnownFileType = file.storyboard; name = Base; path = Base.lproj/Main.storyboard; sourceTree = "<group>"; };
		FA9223101BB4B07A00366238 /* Images.xcassets */ = {isa = PBXFileReference; lastKnownFileType = folder.assetcatalog; path = Images.xcassets; sourceTree = "<group>"; };
		FA9223291BB4B1E700366238 /* Podfile */ = {isa = PBXFileReference; fileEncoding = 4; lastKnownFileType = text; name = Podfile; path = ../Artmoji/Podfile; sourceTree = "<group>"; xcLanguageSpecificationIdentifier = xcode.lang.ruby; };
		FACB2DC51BD731E300999340 /* Launch.storyboard */ = {isa = PBXFileReference; fileEncoding = 4; lastKnownFileType = file.storyboard; path = Launch.storyboard; sourceTree = "<group>"; };
		FB1821ECD7F3DB2F40A962A5 /* Pods-artmoji.debug.xcconfig */ = {isa = PBXFileReference; includeInIndex = 1; lastKnownFileType = text.xcconfig; name = "Pods-artmoji.debug.xcconfig"; path = "Pods/Target Support Files/Pods-artmoji/Pods-artmoji.debug.xcconfig"; sourceTree = "<group>"; };
/* End PBXFileReference section */

/* Begin PBXFrameworksBuildPhase section */
		FA1B015B1BCCA8D1002B0B2E /* Frameworks */ = {
			isa = PBXFrameworksBuildPhase;
			buildActionMask = 2147483647;
			files = (
				FA1B01601BCCA8D1002B0B2E /* PhotosUI.framework in Frameworks */,
				FA1B01621BCCA8D1002B0B2E /* Photos.framework in Frameworks */,
				F9676FB3333F954CE0A8F4EC /* Pods_artmoji_photos.framework in Frameworks */,
			);
			runOnlyForDeploymentPostprocessing = 0;
		};
		FA9223011BB4B07A00366238 /* Frameworks */ = {
			isa = PBXFrameworksBuildPhase;
			buildActionMask = 2147483647;
			files = (
				A690BE85C07C2400D202B07B /* Pods_artmoji.framework in Frameworks */,
			);
			runOnlyForDeploymentPostprocessing = 0;
		};
/* End PBXFrameworksBuildPhase section */

/* Begin PBXGroup section */
		60E24340947F5871CBF8ADEB /* Frameworks */ = {
			isa = PBXGroup;
			children = (
				FA1B015F1BCCA8D1002B0B2E /* PhotosUI.framework */,
				FA1B01611BCCA8D1002B0B2E /* Photos.framework */,
				5691C1C0FB59F3D28DC32CF9 /* Pods_artmoji.framework */,
				CFEC4DC9ADDD28D8F5A04C2A /* Pods_artmoji_photos.framework */,
			);
			name = Frameworks;
			sourceTree = "<group>";
		};
		B055C0C39C05BBD156F631DF /* Pods */ = {
			isa = PBXGroup;
			children = (
				626719D8FCBD0762727A593E /* Pods-artmoji-photos.debug.xcconfig */,
				E641346CA2C4C60D1B7E929B /* Pods-artmoji-photos.release.xcconfig */,
				FB1821ECD7F3DB2F40A962A5 /* Pods-artmoji.debug.xcconfig */,
				D7347F054B320573ABF1DF9A /* Pods-artmoji.release.xcconfig */,
			);
			name = Pods;
			sourceTree = "<group>";
		};
		FA1B01631BCCA8D1002B0B2E /* artmoji-photos */ = {
			isa = PBXGroup;
			children = (
				FA1B01641BCCA8D1002B0B2E /* PhotoEditingViewController.swift */,
				FA1B01661BCCA8D1002B0B2E /* MainInterface.storyboard */,
				FA1B01691BCCA8D1002B0B2E /* Info.plist */,
			);
			path = "artmoji-photos";
			sourceTree = "<group>";
		};
		FA9222FB1BB4B07A00366238 = {
			isa = PBXGroup;
			children = (
				FA7A37B81BB4C1B600A8FC2F /* Artmoji-Bridging-Header.h */,
				FA9223291BB4B1E700366238 /* Podfile */,
				FA9223061BB4B07A00366238 /* artmoji */,
				FA1B01631BCCA8D1002B0B2E /* artmoji-photos */,
				FA9223051BB4B07A00366238 /* Products */,
				B055C0C39C05BBD156F631DF /* Pods */,
				60E24340947F5871CBF8ADEB /* Frameworks */,
			);
			sourceTree = "<group>";
		};
		FA9223051BB4B07A00366238 /* Products */ = {
			isa = PBXGroup;
			children = (
				FA9223041BB4B07A00366238 /* artmoji.app */,
				FA1B015E1BCCA8D1002B0B2E /* artmoji-photos.appex */,
			);
			name = Products;
			sourceTree = "<group>";
		};
		FA9223061BB4B07A00366238 /* artmoji */ = {
			isa = PBXGroup;
			children = (
				FA9223091BB4B07A00366238 /* AppDelegate.swift */,
				FA92230B1BB4B07A00366238 /* ViewController.swift */,
				FA92230D1BB4B07A00366238 /* Main.storyboard */,
				FACB2DC51BD731E300999340 /* Launch.storyboard */,
				FA9223101BB4B07A00366238 /* Images.xcassets */,
				FA9223071BB4B07A00366238 /* Supporting Files */,
				2DBA1E914968982248EC96C8 /* IMCameraViewController.swift */,
				FA1B017B1BCCAFE6002B0B2E /* IMArtmojiConstants.swift */,
				FA5167C81BBE129800DC9274 /* IMCreateArtmojiViewController.swift */,
				2DBA10D785FCCF1459E8B8C9 /* IMCreateArtmojiView.swift */,
				2DBA1483D66BCD5BEE847242 /* IMCreateArtmojiSelectedImojiView.swift */,
				2DBA1E3AA9F6388576E01269 /* IMColorSlider.swift */,
			);
			path = artmoji;
			sourceTree = "<group>";
		};
		FA9223071BB4B07A00366238 /* Supporting Files */ = {
			isa = PBXGroup;
			children = (
				FA9223081BB4B07A00366238 /* Info.plist */,
			);
			name = "Supporting Files";
			sourceTree = "<group>";
		};
/* End PBXGroup section */

/* Begin PBXNativeTarget section */
		FA1B015D1BCCA8D1002B0B2E /* artmoji-photos */ = {
			isa = PBXNativeTarget;
			buildConfigurationList = FA1B016F1BCCA8D1002B0B2E /* Build configuration list for PBXNativeTarget "artmoji-photos" */;
			buildPhases = (
				80A29B87CFA913DD73930CF4 /* Check Pods Manifest.lock */,
				FA1B015A1BCCA8D1002B0B2E /* Sources */,
				FA1B015B1BCCA8D1002B0B2E /* Frameworks */,
				FA1B015C1BCCA8D1002B0B2E /* Resources */,
				846F77240948B13521A2D739 /* Copy Pods Resources */,
				FFFF5520AC4E74F2981D5F9C /* Embed Pods Frameworks */,
			);
			buildRules = (
			);
			dependencies = (
			);
			name = "artmoji-photos";
			productName = "artmoji-photos";
			productReference = FA1B015E1BCCA8D1002B0B2E /* artmoji-photos.appex */;
			productType = "com.apple.product-type.app-extension";
		};
		FA9223031BB4B07A00366238 /* artmoji */ = {
			isa = PBXNativeTarget;
			buildConfigurationList = FA9223231BB4B07A00366238 /* Build configuration list for PBXNativeTarget "artmoji" */;
			buildPhases = (
				4ABD4D676900BDB439D6C8F8 /* Check Pods Manifest.lock */,
				FA9223001BB4B07A00366238 /* Sources */,
				FA9223011BB4B07A00366238 /* Frameworks */,
				FA9223021BB4B07A00366238 /* Resources */,
				63AF4392E6AC5A6A9E55EAC6 /* Copy Pods Resources */,
				FA1B01701BCCA8D1002B0B2E /* Embed App Extensions */,
				36800AC62D73A46062054A4D /* Embed Pods Frameworks */,
			);
			buildRules = (
			);
			dependencies = (
				FA1B016B1BCCA8D1002B0B2E /* PBXTargetDependency */,
			);
			name = artmoji;
			productName = artmoji;
			productReference = FA9223041BB4B07A00366238 /* artmoji.app */;
			productType = "com.apple.product-type.application";
		};
/* End PBXNativeTarget section */

/* Begin PBXProject section */
		FA9222FC1BB4B07A00366238 /* Project object */ = {
			isa = PBXProject;
			attributes = {
				LastSwiftMigration = 0700;
				LastSwiftUpdateCheck = 0700;
				LastUpgradeCheck = 0700;
				ORGANIZATIONNAME = Imoji;
				TargetAttributes = {
					FA1B015D1BCCA8D1002B0B2E = {
						CreatedOnToolsVersion = 7.0.1;
					};
					FA9223031BB4B07A00366238 = {
						CreatedOnToolsVersion = 6.4;
					};
				};
			};
			buildConfigurationList = FA9222FF1BB4B07A00366238 /* Build configuration list for PBXProject "artmoji" */;
			compatibilityVersion = "Xcode 3.2";
			developmentRegion = English;
			hasScannedForEncodings = 0;
			knownRegions = (
				en,
				Base,
			);
			mainGroup = FA9222FB1BB4B07A00366238;
			productRefGroup = FA9223051BB4B07A00366238 /* Products */;
			projectDirPath = "";
			projectRoot = "";
			targets = (
				FA9223031BB4B07A00366238 /* artmoji */,
				FA1B015D1BCCA8D1002B0B2E /* artmoji-photos */,
			);
		};
/* End PBXProject section */

/* Begin PBXResourcesBuildPhase section */
		FA1B015C1BCCA8D1002B0B2E /* Resources */ = {
			isa = PBXResourcesBuildPhase;
			buildActionMask = 2147483647;
			files = (
				FA1B01681BCCA8D1002B0B2E /* MainInterface.storyboard in Resources */,
				FA1B017E1BCCB0D5002B0B2E /* Images.xcassets in Resources */,
			);
			runOnlyForDeploymentPostprocessing = 0;
		};
		FA9223021BB4B07A00366238 /* Resources */ = {
			isa = PBXResourcesBuildPhase;
			buildActionMask = 2147483647;
			files = (
				FA92230F1BB4B07A00366238 /* Main.storyboard in Resources */,
				FACB2DC61BD731E300999340 /* Launch.storyboard in Resources */,
				FA92232A1BB4B1E700366238 /* Podfile in Resources */,
				FA9223111BB4B07A00366238 /* Images.xcassets in Resources */,
			);
			runOnlyForDeploymentPostprocessing = 0;
		};
/* End PBXResourcesBuildPhase section */

/* Begin PBXShellScriptBuildPhase section */
		36800AC62D73A46062054A4D /* Embed Pods Frameworks */ = {
			isa = PBXShellScriptBuildPhase;
			buildActionMask = 2147483647;
			files = (
			);
			inputPaths = (
			);
			name = "Embed Pods Frameworks";
			outputPaths = (
			);
			runOnlyForDeploymentPostprocessing = 0;
			shellPath = /bin/sh;
			shellScript = "\"${SRCROOT}/Pods/Target Support Files/Pods-artmoji/Pods-artmoji-frameworks.sh\"\n";
			showEnvVarsInLog = 0;
		};
		4ABD4D676900BDB439D6C8F8 /* Check Pods Manifest.lock */ = {
			isa = PBXShellScriptBuildPhase;
			buildActionMask = 2147483647;
			files = (
			);
			inputPaths = (
			);
			name = "Check Pods Manifest.lock";
			outputPaths = (
			);
			runOnlyForDeploymentPostprocessing = 0;
			shellPath = /bin/sh;
			shellScript = "diff \"${PODS_ROOT}/../Podfile.lock\" \"${PODS_ROOT}/Manifest.lock\" > /dev/null\nif [[ $? != 0 ]] ; then\n    cat << EOM\nerror: The sandbox is not in sync with the Podfile.lock. Run 'pod install' or update your CocoaPods installation.\nEOM\n    exit 1\nfi\n";
			showEnvVarsInLog = 0;
		};
		63AF4392E6AC5A6A9E55EAC6 /* Copy Pods Resources */ = {
			isa = PBXShellScriptBuildPhase;
			buildActionMask = 2147483647;
			files = (
			);
			inputPaths = (
			);
			name = "Copy Pods Resources";
			outputPaths = (
			);
			runOnlyForDeploymentPostprocessing = 0;
			shellPath = /bin/sh;
			shellScript = "\"${SRCROOT}/Pods/Target Support Files/Pods-artmoji/Pods-artmoji-resources.sh\"\n";
			showEnvVarsInLog = 0;
		};
		80A29B87CFA913DD73930CF4 /* Check Pods Manifest.lock */ = {
			isa = PBXShellScriptBuildPhase;
			buildActionMask = 2147483647;
			files = (
			);
			inputPaths = (
			);
			name = "Check Pods Manifest.lock";
			outputPaths = (
			);
			runOnlyForDeploymentPostprocessing = 0;
			shellPath = /bin/sh;
			shellScript = "diff \"${PODS_ROOT}/../Podfile.lock\" \"${PODS_ROOT}/Manifest.lock\" > /dev/null\nif [[ $? != 0 ]] ; then\n    cat << EOM\nerror: The sandbox is not in sync with the Podfile.lock. Run 'pod install' or update your CocoaPods installation.\nEOM\n    exit 1\nfi\n";
			showEnvVarsInLog = 0;
		};
		846F77240948B13521A2D739 /* Copy Pods Resources */ = {
			isa = PBXShellScriptBuildPhase;
			buildActionMask = 2147483647;
			files = (
			);
			inputPaths = (
			);
			name = "Copy Pods Resources";
			outputPaths = (
			);
			runOnlyForDeploymentPostprocessing = 0;
			shellPath = /bin/sh;
			shellScript = "\"${SRCROOT}/Pods/Target Support Files/Pods-artmoji-photos/Pods-artmoji-photos-resources.sh\"\n";
			showEnvVarsInLog = 0;
		};
		FFFF5520AC4E74F2981D5F9C /* Embed Pods Frameworks */ = {
			isa = PBXShellScriptBuildPhase;
			buildActionMask = 2147483647;
			files = (
			);
			inputPaths = (
			);
			name = "Embed Pods Frameworks";
			outputPaths = (
			);
			runOnlyForDeploymentPostprocessing = 0;
			shellPath = /bin/sh;
			shellScript = "\"${SRCROOT}/Pods/Target Support Files/Pods-artmoji-photos/Pods-artmoji-photos-frameworks.sh\"\n";
			showEnvVarsInLog = 0;
		};
/* End PBXShellScriptBuildPhase section */

/* Begin PBXSourcesBuildPhase section */
		FA1B015A1BCCA8D1002B0B2E /* Sources */ = {
			isa = PBXSourcesBuildPhase;
			buildActionMask = 2147483647;
			files = (
				FA1B017D1BCCAFE6002B0B2E /* IMArtmojiConstants.swift in Sources */,
				FA1B017A1BCCAE18002B0B2E /* IMColorSlider.swift in Sources */,
				FA1B01791BCCAE15002B0B2E /* IMCreateArtmojiSelectedImojiView.swift in Sources */,
				FA1B01651BCCA8D1002B0B2E /* PhotoEditingViewController.swift in Sources */,
				FA1B01761BCCAE03002B0B2E /* IMCreateArtmojiViewController.swift in Sources */,
				FA1B01781BCCAE12002B0B2E /* IMCreateArtmojiView.swift in Sources */,
			);
			runOnlyForDeploymentPostprocessing = 0;
		};
		FA9223001BB4B07A00366238 /* Sources */ = {
			isa = PBXSourcesBuildPhase;
			buildActionMask = 2147483647;
			files = (
				FA92230C1BB4B07A00366238 /* ViewController.swift in Sources */,
				FA5167C91BBE129800DC9274 /* IMCreateArtmojiViewController.swift in Sources */,
				FA92230A1BB4B07A00366238 /* AppDelegate.swift in Sources */,
				2DBA102E68C70FE6B7869573 /* IMCameraViewController.swift in Sources */,
				FA1B017C1BCCAFE6002B0B2E /* IMArtmojiConstants.swift in Sources */,
				2DBA1B9574F67B608A727854 /* IMCreateArtmojiView.swift in Sources */,
				2DBA147E7800A7B633E690CB /* IMCreateArtmojiSelectedImojiView.swift in Sources */,
				2DBA174C3B2BDFF6D669D50A /* IMColorSlider.swift in Sources */,
			);
			runOnlyForDeploymentPostprocessing = 0;
		};
/* End PBXSourcesBuildPhase section */

/* Begin PBXTargetDependency section */
		FA1B016B1BCCA8D1002B0B2E /* PBXTargetDependency */ = {
			isa = PBXTargetDependency;
			target = FA1B015D1BCCA8D1002B0B2E /* artmoji-photos */;
			targetProxy = FA1B016A1BCCA8D1002B0B2E /* PBXContainerItemProxy */;
		};
/* End PBXTargetDependency section */

/* Begin PBXVariantGroup section */
		FA1B01661BCCA8D1002B0B2E /* MainInterface.storyboard */ = {
			isa = PBXVariantGroup;
			children = (
				FA1B01671BCCA8D1002B0B2E /* Base */,
			);
			name = MainInterface.storyboard;
			sourceTree = "<group>";
		};
		FA92230D1BB4B07A00366238 /* Main.storyboard */ = {
			isa = PBXVariantGroup;
			children = (
				FA92230E1BB4B07A00366238 /* Base */,
			);
			name = Main.storyboard;
			sourceTree = "<group>";
		};
/* End PBXVariantGroup section */

/* Begin XCBuildConfiguration section */
		FA1B016D1BCCA8D1002B0B2E /* Debug */ = {
			isa = XCBuildConfiguration;
			baseConfigurationReference = 626719D8FCBD0762727A593E /* Pods-artmoji-photos.debug.xcconfig */;
			buildSettings = {
				CODE_SIGN_IDENTITY = "iPhone Developer";
				DEBUG_INFORMATION_FORMAT = dwarf;
				ENABLE_TESTABILITY = YES;
				GCC_PREFIX_HEADER = "";
				INFOPLIST_FILE = "artmoji-photos/Info.plist";
				IPHONEOS_DEPLOYMENT_TARGET = 8.0;
				LD_RUNPATH_SEARCH_PATHS = "$(inherited) @executable_path/Frameworks @executable_path/../../Frameworks";
				LIBRARY_SEARCH_PATHS = (
					"$(inherited)",
					"$(PROJECT_DIR)/build/Debug-iphoneos",
				);
				PRODUCT_BUNDLE_IDENTIFIER = "com.sopressata.artmoji.artmoji-photos";
				PRODUCT_NAME = "$(TARGET_NAME)";
				SKIP_INSTALL = YES;
				SWIFT_OBJC_BRIDGING_HEADER = "Artmoji-Bridging-Header.h";
			};
			name = Debug;
		};
		FA1B016E1BCCA8D1002B0B2E /* Release */ = {
			isa = XCBuildConfiguration;
			baseConfigurationReference = E641346CA2C4C60D1B7E929B /* Pods-artmoji-photos.release.xcconfig */;
			buildSettings = {
				CODE_SIGN_IDENTITY = "iPhone Developer";
				GCC_PREFIX_HEADER = "";
				INFOPLIST_FILE = "artmoji-photos/Info.plist";
				IPHONEOS_DEPLOYMENT_TARGET = 8.0;
				LD_RUNPATH_SEARCH_PATHS = "$(inherited) @executable_path/Frameworks @executable_path/../../Frameworks";
				LIBRARY_SEARCH_PATHS = (
					"$(inherited)",
					"$(PROJECT_DIR)/build/Debug-iphoneos",
				);
				PRODUCT_BUNDLE_IDENTIFIER = "com.sopressata.artmoji.artmoji-photos";
				PRODUCT_NAME = "$(TARGET_NAME)";
				SKIP_INSTALL = YES;
				SWIFT_OBJC_BRIDGING_HEADER = "Artmoji-Bridging-Header.h";
			};
			name = Release;
		};
		FA9223211BB4B07A00366238 /* Debug */ = {
			isa = XCBuildConfiguration;
			buildSettings = {
				ALWAYS_SEARCH_USER_PATHS = NO;
				CLANG_CXX_LANGUAGE_STANDARD = "gnu++0x";
				CLANG_CXX_LIBRARY = "libc++";
				CLANG_ENABLE_MODULES = YES;
				CLANG_ENABLE_OBJC_ARC = YES;
				CLANG_WARN_BOOL_CONVERSION = YES;
				CLANG_WARN_CONSTANT_CONVERSION = YES;
				CLANG_WARN_DIRECT_OBJC_ISA_USAGE = YES_ERROR;
				CLANG_WARN_EMPTY_BODY = YES;
				CLANG_WARN_ENUM_CONVERSION = YES;
				CLANG_WARN_INT_CONVERSION = YES;
				CLANG_WARN_OBJC_ROOT_CLASS = YES_ERROR;
				CLANG_WARN_UNREACHABLE_CODE = YES;
				CLANG_WARN__DUPLICATE_METHOD_MATCH = YES;
				"CODE_SIGN_IDENTITY[sdk=iphoneos*]" = "iPhone Developer";
				COPY_PHASE_STRIP = NO;
				DEBUG_INFORMATION_FORMAT = "dwarf-with-dsym";
				ENABLE_STRICT_OBJC_MSGSEND = YES;
				GCC_C_LANGUAGE_STANDARD = gnu99;
				GCC_DYNAMIC_NO_PIC = NO;
				GCC_NO_COMMON_BLOCKS = YES;
				GCC_OPTIMIZATION_LEVEL = 0;
				GCC_PREPROCESSOR_DEFINITIONS = (
					"DEBUG=1",
					"$(inherited)",
				);
				GCC_SYMBOLS_PRIVATE_EXTERN = NO;
				GCC_WARN_64_TO_32_BIT_CONVERSION = YES;
				GCC_WARN_ABOUT_RETURN_TYPE = YES_ERROR;
				GCC_WARN_UNDECLARED_SELECTOR = YES;
				GCC_WARN_UNINITIALIZED_AUTOS = YES_AGGRESSIVE;
				GCC_WARN_UNUSED_FUNCTION = YES;
				GCC_WARN_UNUSED_VARIABLE = YES;
				IPHONEOS_DEPLOYMENT_TARGET = 8.0;
				MTL_ENABLE_DEBUG_INFO = YES;
				ONLY_ACTIVE_ARCH = YES;
				SDKROOT = iphoneos;
				SWIFT_OBJC_BRIDGING_HEADER = "";
				SWIFT_OPTIMIZATION_LEVEL = "-Onone";
				TARGETED_DEVICE_FAMILY = "1,2";
				USER_HEADER_SEARCH_PATHS = "";
			};
			name = Debug;
		};
		FA9223221BB4B07A00366238 /* Release */ = {
			isa = XCBuildConfiguration;
			buildSettings = {
				ALWAYS_SEARCH_USER_PATHS = NO;
				CLANG_CXX_LANGUAGE_STANDARD = "gnu++0x";
				CLANG_CXX_LIBRARY = "libc++";
				CLANG_ENABLE_MODULES = YES;
				CLANG_ENABLE_OBJC_ARC = YES;
				CLANG_WARN_BOOL_CONVERSION = YES;
				CLANG_WARN_CONSTANT_CONVERSION = YES;
				CLANG_WARN_DIRECT_OBJC_ISA_USAGE = YES_ERROR;
				CLANG_WARN_EMPTY_BODY = YES;
				CLANG_WARN_ENUM_CONVERSION = YES;
				CLANG_WARN_INT_CONVERSION = YES;
				CLANG_WARN_OBJC_ROOT_CLASS = YES_ERROR;
				CLANG_WARN_UNREACHABLE_CODE = YES;
				CLANG_WARN__DUPLICATE_METHOD_MATCH = YES;
				"CODE_SIGN_IDENTITY[sdk=iphoneos*]" = "iPhone Developer";
				COPY_PHASE_STRIP = NO;
				DEBUG_INFORMATION_FORMAT = "dwarf-with-dsym";
				ENABLE_NS_ASSERTIONS = NO;
				ENABLE_STRICT_OBJC_MSGSEND = YES;
				GCC_C_LANGUAGE_STANDARD = gnu99;
				GCC_NO_COMMON_BLOCKS = YES;
				GCC_WARN_64_TO_32_BIT_CONVERSION = YES;
				GCC_WARN_ABOUT_RETURN_TYPE = YES_ERROR;
				GCC_WARN_UNDECLARED_SELECTOR = YES;
				GCC_WARN_UNINITIALIZED_AUTOS = YES_AGGRESSIVE;
				GCC_WARN_UNUSED_FUNCTION = YES;
				GCC_WARN_UNUSED_VARIABLE = YES;
				IPHONEOS_DEPLOYMENT_TARGET = 8.0;
				MTL_ENABLE_DEBUG_INFO = NO;
				SDKROOT = iphoneos;
				SWIFT_OBJC_BRIDGING_HEADER = "";
				TARGETED_DEVICE_FAMILY = "1,2";
				USER_HEADER_SEARCH_PATHS = "";
				VALIDATE_PRODUCT = YES;
			};
			name = Release;
		};
		FA9223241BB4B07A00366238 /* Debug */ = {
			isa = XCBuildConfiguration;
			baseConfigurationReference = FB1821ECD7F3DB2F40A962A5 /* Pods-artmoji.debug.xcconfig */;
			buildSettings = {
				ASSETCATALOG_COMPILER_APPICON_NAME = AppIcon;
				CODE_SIGN_IDENTITY = "iPhone Developer";
				EMBEDDED_CONTENT_CONTAINS_SWIFT = YES;
				INFOPLIST_FILE = artmoji/Info.plist;
				LD_RUNPATH_SEARCH_PATHS = "$(inherited) @executable_path/Frameworks";
				LIBRARY_SEARCH_PATHS = (
					"$(inherited)",
					"$(PROJECT_DIR)/build/Debug-iphoneos",
				);
				OTHER_SWIFT_FLAGS = "-DNOT_PHOTO_EXTENSION";
				PRODUCT_BUNDLE_IDENTIFIER = "com.sopressata.$(PRODUCT_NAME:rfc1034identifier)";
				PRODUCT_NAME = "$(TARGET_NAME)";
				SWIFT_OBJC_BRIDGING_HEADER = "Artmoji-Bridging-Header.h";
				USER_HEADER_SEARCH_PATHS = "Pods/**";
			};
			name = Debug;
		};
		FA9223251BB4B07A00366238 /* Release */ = {
			isa = XCBuildConfiguration;
			baseConfigurationReference = D7347F054B320573ABF1DF9A /* Pods-artmoji.release.xcconfig */;
			buildSettings = {
				ASSETCATALOG_COMPILER_APPICON_NAME = AppIcon;
				CODE_SIGN_IDENTITY = "iPhone Developer";
				EMBEDDED_CONTENT_CONTAINS_SWIFT = YES;
				INFOPLIST_FILE = artmoji/Info.plist;
				LD_RUNPATH_SEARCH_PATHS = "$(inherited) @executable_path/Frameworks";
				LIBRARY_SEARCH_PATHS = (
					"$(inherited)",
					"$(PROJECT_DIR)/build/Debug-iphoneos",
				);
				OTHER_SWIFT_FLAGS = "-DNOT_PHOTO_EXTENSION";
				PRODUCT_BUNDLE_IDENTIFIER = "com.sopressata.$(PRODUCT_NAME:rfc1034identifier)";
				PRODUCT_NAME = "$(TARGET_NAME)";
				SWIFT_OBJC_BRIDGING_HEADER = "Artmoji-Bridging-Header.h";
				USER_HEADER_SEARCH_PATHS = "Pods/**";
			};
			name = Release;
		};
/* End XCBuildConfiguration section */

/* Begin XCConfigurationList section */
		FA1B016F1BCCA8D1002B0B2E /* Build configuration list for PBXNativeTarget "artmoji-photos" */ = {
			isa = XCConfigurationList;
			buildConfigurations = (
				FA1B016D1BCCA8D1002B0B2E /* Debug */,
				FA1B016E1BCCA8D1002B0B2E /* Release */,
			);
			defaultConfigurationIsVisible = 0;
			defaultConfigurationName = Release;
		};
		FA9222FF1BB4B07A00366238 /* Build configuration list for PBXProject "artmoji" */ = {
			isa = XCConfigurationList;
			buildConfigurations = (
				FA9223211BB4B07A00366238 /* Debug */,
				FA9223221BB4B07A00366238 /* Release */,
			);
			defaultConfigurationIsVisible = 0;
			defaultConfigurationName = Release;
		};
		FA9223231BB4B07A00366238 /* Build configuration list for PBXNativeTarget "artmoji" */ = {
			isa = XCConfigurationList;
			buildConfigurations = (
				FA9223241BB4B07A00366238 /* Debug */,
				FA9223251BB4B07A00366238 /* Release */,
			);
			defaultConfigurationIsVisible = 0;
			defaultConfigurationName = Release;
		};
/* End XCConfigurationList section */
	};
	rootObject = FA9222FC1BB4B07A00366238 /* Project object */;
}
